[root]
name = "rs-futures-spmc"
version = "0.1.0"
dependencies = [
 "futures 0.1.14 (registry+https://github.com/rust-lang/crates.io-index)",
]

[[package]]
name = "futures"
version = "0.1.14"
source = "registry+https://github.com/rust-lang/crates.io-index"

[metadata]
"checksum futures 0.1.14 (registry+https://github.com/rust-lang/crates.io-index)" = "4b63a4792d4f8f686defe3b39b92127fea6344de5d38202b2ee5a11bbbf29d6a"
